
Microsoft Visual Studio Solution File, Format Version 12.00
# Visual Studio Version 16
VisualStudioVersion = 16.0.28803.452
MinimumVisualStudioVersion = 10.0.40219.1
Project("{FAE04EC0-301F-11D3-BF4B-00C04F79EFBC}") = "ProyectoFinal-YersonEscolastico", "ProyectoFinal-YersonEscolastico.csproj", "{0B95CA5B-7DA4-42ED-906E-7706F381A4CF}"
EndProject
Project("{FAE04EC0-301F-11D3-BF4B-00C04F79EFBC}") = "Entidades", "..\Entidades\Entidades.csproj", "{1A183B1B-D6A8-4945-8216-939D22BC06E2}"
EndProject
Project("{FAE04EC0-301F-11D3-BF4B-00C04F79EFBC}") = "DAL", "..\DAL\DAL.csproj", "{13FA533E-316B-4487-A397-42D08524D0FE}"
EndProject
Project("{FAE04EC0-301F-11D3-BF4B-00C04F79EFBC}") = "BLL", "..\BLL\BLL.csproj", "{549EB2F3-3F3F-4CBA-9F53-C5809635C794}"
EndProject
Project("{FAE04EC0-301F-11D3-BF4B-00C04F79EFBC}") = "BLLTests", "..\BLLTests\BLLTests.csproj", "{E46E3324-5025-444D-96F0-A71A832E66BE}"
EndProject
Global
	GlobalSection(SolutionConfigurationPlatforms) = preSolution
		Debug|Any CPU = Debug|Any CPU
		Release|Any CPU = Release|Any CPU
	EndGlobalSection
	GlobalSection(ProjectConfigurationPlatforms) = postSolution
		{0B95CA5B-7DA4-42ED-906E-7706F381A4CF}.Debug|Any CPU.ActiveCfg = Debug|Any CPU
		{0B95CA5B-7DA4-42ED-906E-7706F381A4CF}.Debug|Any CPU.Build.0 = Debug|Any CPU
		{0B95CA5B-7DA4-42ED-906E-7706F381A4CF}.Release|Any CPU.ActiveCfg = Release|Any CPU
		{0B95CA5B-7DA4-42ED-906E-7706F381A4CF}.Release|Any CPU.Build.0 = Release|Any CPU
		{1A183B1B-D6A8-4945-8216-939D22BC06E2}.Debug|Any CPU.ActiveCfg = Debug|Any CPU
		{1A183B1B-D6A8-4945-8216-939D22BC06E2}.Debug|Any CPU.Build.0 = Debug|Any CPU
		{1A183B1B-D6A8-4945-8216-939D22BC06E2}.Release|Any CPU.ActiveCfg = Release|Any CPU
		{1A183B1B-D6A8-4945-8216-939D22BC06E2}.Release|Any CPU.Build.0 = Release|Any CPU
		{13FA533E-316B-4487-A397-42D08524D0FE}.Debug|Any CPU.ActiveCfg = Debug|Any CPU
		{13FA533E-316B-4487-A397-42D08524D0FE}.Debug|Any CPU.Build.0 = Debug|Any CPU
		{13FA533E-316B-4487-A397-42D08524D0FE}.Release|Any CPU.ActiveCfg = Release|Any CPU
		{13FA533E-316B-4487-A397-42D08524D0FE}.Release|Any CPU.Build.0 = Release|Any CPU
		{549EB2F3-3F3F-4CBA-9F53-C5809635C794}.Debug|Any CPU.ActiveCfg = Debug|Any CPU
		{549EB2F3-3F3F-4CBA-9F53-C5809635C794}.Debug|Any CPU.Build.0 = Debug|Any CPU
		{549EB2F3-3F3F-4CBA-9F53-C5809635C794}.Release|Any CPU.ActiveCfg = Release|Any CPU
		{549EB2F3-3F3F-4CBA-9F53-C5809635C794}.Release|Any CPU.Build.0 = Release|Any CPU
		{E46E3324-5025-444D-96F0-A71A832E66BE}.Debug|Any CPU.ActiveCfg = Debug|Any CPU
		{E46E3324-5025-444D-96F0-A71A832E66BE}.Debug|Any CPU.Build.0 = Debug|Any CPU
		{E46E3324-5025-444D-96F0-A71A832E66BE}.Release|Any CPU.ActiveCfg = Release|Any CPU
		{E46E3324-5025-444D-96F0-A71A832E66BE}.Release|Any CPU.Build.0 = Release|Any CPU
	EndGlobalSection
	GlobalSection(SolutionProperties) = preSolution
		HideSolutionNode = FALSE
	EndGlobalSection
	GlobalSection(ExtensibilityGlobals) = postSolution
		SolutionGuid = {EE42B90E-2D33-4249-8E2B-B16E53AEB4F0}
	EndGlobalSection
EndGlobal
