
Microsoft Visual Studio Solution File, Format Version 12.00
# Visual Studio Version 16
VisualStudioVersion = 16.0.28803.452
MinimumVisualStudioVersion = 10.0.40219.1
Project("{FAE04EC0-301F-11D3-BF4B-00C04F79EFBC}") = "ProyectoFinal-YersonEscolastico", "ProyectoFinal-YersonEscolastico.csproj", "{0B95CA5B-7DA4-42ED-906E-7706F381A4CF}"
EndProject
Global
	GlobalSection(SolutionConfigurationPlatforms) = preSolution
		Debug|Any CPU = Debug|Any CPU
		Release|Any CPU = Release|Any CPU
	EndGlobalSection
	GlobalSection(ProjectConfigurationPlatforms) = postSolution
		{0B95CA5B-7DA4-42ED-906E-7706F381A4CF}.Debug|Any CPU.ActiveCfg = Debug|Any CPU
		{0B95CA5B-7DA4-42ED-906E-7706F381A4CF}.Debug|Any CPU.Build.0 = Debug|Any CPU
		{0B95CA5B-7DA4-42ED-906E-7706F381A4CF}.Release|Any CPU.ActiveCfg = Release|Any CPU
		{0B95CA5B-7DA4-42ED-906E-7706F381A4CF}.Release|Any CPU.Build.0 = Release|Any CPU
	EndGlobalSection
	GlobalSection(SolutionProperties) = preSolution
		HideSolutionNode = FALSE
	EndGlobalSection
	GlobalSection(ExtensibilityGlobals) = postSolution
		SolutionGuid = {EE42B90E-2D33-4249-8E2B-B16E53AEB4F0}
	EndGlobalSection
EndGlobal
